
Microsoft Visual Studio Solution File, Format Version 12.00
# Visual Studio Version 16
VisualStudioVersion = 16.0.29709.97
MinimumVisualStudioVersion = 10.0.40219.1
Project("{00D1A9C2-B5F0-4AF3-8072-F6C62B433612}") = "sampleDB", "sampleDB\sampleDB.sqlproj", "{B864C322-F670-45C1-9DBA-FBE7FB45651B}"
EndProject
Global
	GlobalSection(SolutionConfigurationPlatforms) = preSolution
		Debug|Any CPU = Debug|Any CPU
		Release|Any CPU = Release|Any CPU
	EndGlobalSection
	GlobalSection(ProjectConfigurationPlatforms) = postSolution
		{B864C322-F670-45C1-9DBA-FBE7FB45651B}.Debug|Any CPU.ActiveCfg = Debug|Any CPU
		{B864C322-F670-45C1-9DBA-FBE7FB45651B}.Debug|Any CPU.Build.0 = Debug|Any CPU
		{B864C322-F670-45C1-9DBA-FBE7FB45651B}.Debug|Any CPU.Deploy.0 = Debug|Any CPU
		{B864C322-F670-45C1-9DBA-FBE7FB45651B}.Release|Any CPU.ActiveCfg = Release|Any CPU
		{B864C322-F670-45C1-9DBA-FBE7FB45651B}.Release|Any CPU.Build.0 = Release|Any CPU
		{B864C322-F670-45C1-9DBA-FBE7FB45651B}.Release|Any CPU.Deploy.0 = Release|Any CPU
	EndGlobalSection
	GlobalSection(SolutionProperties) = preSolution
		HideSolutionNode = FALSE
	EndGlobalSection
	GlobalSection(ExtensibilityGlobals) = postSolution
		SolutionGuid = {20B1046D-7304-4CCC-83EB-24D17B2A1FFD}
	EndGlobalSection
EndGlobal
